
Microsoft Visual Studio Solution File, Format Version 12.00
# Visual Studio Version 17
VisualStudioVersion = 17.9.34622.214
MinimumVisualStudioVersion = 10.0.40219.1
Project("{9A19103F-16F7-4668-BE54-9A1E7A4F7556}") = "NestjsConnector", "NestjsConnector.csproj", "{DD3CD020-031D-4E47-B8BC-B5ABAD3F4A14}"
EndProject
Global
	GlobalSection(SolutionConfigurationPlatforms) = preSolution
		Debug|Any CPU = Debug|Any CPU
		Release|Any CPU = Release|Any CPU
	EndGlobalSection
	GlobalSection(ProjectConfigurationPlatforms) = postSolution
		{DD3CD020-031D-4E47-B8BC-B5ABAD3F4A14}.Debug|Any CPU.ActiveCfg = Debug|Any CPU
		{DD3CD020-031D-4E47-B8BC-B5ABAD3F4A14}.Debug|Any CPU.Build.0 = Debug|Any CPU
		{DD3CD020-031D-4E47-B8BC-B5ABAD3F4A14}.Release|Any CPU.ActiveCfg = Release|Any CPU
		{DD3CD020-031D-4E47-B8BC-B5ABAD3F4A14}.Release|Any CPU.Build.0 = Release|Any CPU
	EndGlobalSection
	GlobalSection(SolutionProperties) = preSolution
		HideSolutionNode = FALSE
	EndGlobalSection
	GlobalSection(ExtensibilityGlobals) = postSolution
		SolutionGuid = {239B5C97-358A-4FFB-869E-18AF08AA6B07}
	EndGlobalSection
EndGlobal
